
Microsoft Visual Studio Solution File, Format Version 12.00
# Visual Studio Version 17
VisualStudioVersion = 17.5.33502.453
MinimumVisualStudioVersion = 10.0.40219.1
Project("{9A19103F-16F7-4668-BE54-9A1E7A4F7556}") = "CBIMS.LDP.Def", "CBIMS.LDP.Def\CBIMS.LDP.Def.csproj", "{F95A1E54-4509-4188-BD6C-09A7635E31B4}"
EndProject
Project("{9A19103F-16F7-4668-BE54-9A1E7A4F7556}") = "CBIMS.LDP.Repo", "CBIMS.LDP.Repo\CBIMS.LDP.Repo.csproj", "{0B6DDDD5-14A5-40EC-89DA-D78F90F6DA8B}"
EndProject
Project("{9A19103F-16F7-4668-BE54-9A1E7A4F7556}") = "CBIMS.SPN", "CBIMS.SPN\CBIMS.SPN.csproj", "{EF9471F3-4026-4708-96E2-E9039480B909}"
EndProject
Project("{9A19103F-16F7-4668-BE54-9A1E7A4F7556}") = "Run", "Run\Run.csproj", "{63F9E1DB-9870-4F34-8CA5-9AED09052DC7}"
EndProject
Project("{9A19103F-16F7-4668-BE54-9A1E7A4F7556}") = "CBIMS.LDP.IFC", "CBIMS.LDP.IFC\CBIMS.LDP.IFC.csproj", "{76684381-4C9F-44AC-88EE-CAA010EFBE95}"
EndProject
Project("{9A19103F-16F7-4668-BE54-9A1E7A4F7556}") = "CBIMS.LDP.IFC.XbimLoader", "CBIMS.LDP.IFC.XbimLoader\CBIMS.LDP.IFC.XbimLoader.csproj", "{15D16AD9-B3A8-4F20-B71A-D9A253B0F4D2}"
EndProject
Global
	GlobalSection(SolutionConfigurationPlatforms) = preSolution
		Debug|Any CPU = Debug|Any CPU
		Debug|x64 = Debug|x64
		Release|Any CPU = Release|Any CPU
		Release|x64 = Release|x64
	EndGlobalSection
	GlobalSection(ProjectConfigurationPlatforms) = postSolution
		{F95A1E54-4509-4188-BD6C-09A7635E31B4}.Debug|Any CPU.ActiveCfg = Debug|Any CPU
		{F95A1E54-4509-4188-BD6C-09A7635E31B4}.Debug|Any CPU.Build.0 = Debug|Any CPU
		{F95A1E54-4509-4188-BD6C-09A7635E31B4}.Debug|x64.ActiveCfg = Debug|Any CPU
		{F95A1E54-4509-4188-BD6C-09A7635E31B4}.Debug|x64.Build.0 = Debug|Any CPU
		{F95A1E54-4509-4188-BD6C-09A7635E31B4}.Release|Any CPU.ActiveCfg = Release|Any CPU
		{F95A1E54-4509-4188-BD6C-09A7635E31B4}.Release|Any CPU.Build.0 = Release|Any CPU
		{F95A1E54-4509-4188-BD6C-09A7635E31B4}.Release|x64.ActiveCfg = Release|Any CPU
		{F95A1E54-4509-4188-BD6C-09A7635E31B4}.Release|x64.Build.0 = Release|Any CPU
		{0B6DDDD5-14A5-40EC-89DA-D78F90F6DA8B}.Debug|Any CPU.ActiveCfg = Debug|Any CPU
		{0B6DDDD5-14A5-40EC-89DA-D78F90F6DA8B}.Debug|Any CPU.Build.0 = Debug|Any CPU
		{0B6DDDD5-14A5-40EC-89DA-D78F90F6DA8B}.Debug|x64.ActiveCfg = Debug|Any CPU
		{0B6DDDD5-14A5-40EC-89DA-D78F90F6DA8B}.Debug|x64.Build.0 = Debug|Any CPU
		{0B6DDDD5-14A5-40EC-89DA-D78F90F6DA8B}.Release|Any CPU.ActiveCfg = Release|Any CPU
		{0B6DDDD5-14A5-40EC-89DA-D78F90F6DA8B}.Release|Any CPU.Build.0 = Release|Any CPU
		{0B6DDDD5-14A5-40EC-89DA-D78F90F6DA8B}.Release|x64.ActiveCfg = Release|Any CPU
		{0B6DDDD5-14A5-40EC-89DA-D78F90F6DA8B}.Release|x64.Build.0 = Release|Any CPU
		{EF9471F3-4026-4708-96E2-E9039480B909}.Debug|Any CPU.ActiveCfg = Debug|Any CPU
		{EF9471F3-4026-4708-96E2-E9039480B909}.Debug|Any CPU.Build.0 = Debug|Any CPU
		{EF9471F3-4026-4708-96E2-E9039480B909}.Debug|x64.ActiveCfg = Debug|Any CPU
		{EF9471F3-4026-4708-96E2-E9039480B909}.Debug|x64.Build.0 = Debug|Any CPU
		{EF9471F3-4026-4708-96E2-E9039480B909}.Release|Any CPU.ActiveCfg = Release|Any CPU
		{EF9471F3-4026-4708-96E2-E9039480B909}.Release|Any CPU.Build.0 = Release|Any CPU
		{EF9471F3-4026-4708-96E2-E9039480B909}.Release|x64.ActiveCfg = Release|Any CPU
		{EF9471F3-4026-4708-96E2-E9039480B909}.Release|x64.Build.0 = Release|Any CPU
		{63F9E1DB-9870-4F34-8CA5-9AED09052DC7}.Debug|Any CPU.ActiveCfg = Debug|Any CPU
		{63F9E1DB-9870-4F34-8CA5-9AED09052DC7}.Debug|Any CPU.Build.0 = Debug|Any CPU
		{63F9E1DB-9870-4F34-8CA5-9AED09052DC7}.Debug|x64.ActiveCfg = Debug|Any CPU
		{63F9E1DB-9870-4F34-8CA5-9AED09052DC7}.Debug|x64.Build.0 = Debug|Any CPU
		{63F9E1DB-9870-4F34-8CA5-9AED09052DC7}.Release|Any CPU.ActiveCfg = Release|Any CPU
		{63F9E1DB-9870-4F34-8CA5-9AED09052DC7}.Release|Any CPU.Build.0 = Release|Any CPU
		{63F9E1DB-9870-4F34-8CA5-9AED09052DC7}.Release|x64.ActiveCfg = Release|Any CPU
		{63F9E1DB-9870-4F34-8CA5-9AED09052DC7}.Release|x64.Build.0 = Release|Any CPU
		{76684381-4C9F-44AC-88EE-CAA010EFBE95}.Debug|Any CPU.ActiveCfg = Debug|Any CPU
		{76684381-4C9F-44AC-88EE-CAA010EFBE95}.Debug|Any CPU.Build.0 = Debug|Any CPU
		{76684381-4C9F-44AC-88EE-CAA010EFBE95}.Debug|x64.ActiveCfg = Debug|Any CPU
		{76684381-4C9F-44AC-88EE-CAA010EFBE95}.Debug|x64.Build.0 = Debug|Any CPU
		{76684381-4C9F-44AC-88EE-CAA010EFBE95}.Release|Any CPU.ActiveCfg = Release|Any CPU
		{76684381-4C9F-44AC-88EE-CAA010EFBE95}.Release|Any CPU.Build.0 = Release|Any CPU
		{76684381-4C9F-44AC-88EE-CAA010EFBE95}.Release|x64.ActiveCfg = Release|Any CPU
		{76684381-4C9F-44AC-88EE-CAA010EFBE95}.Release|x64.Build.0 = Release|Any CPU
		{15D16AD9-B3A8-4F20-B71A-D9A253B0F4D2}.Debug|Any CPU.ActiveCfg = Debug|Any CPU
		{15D16AD9-B3A8-4F20-B71A-D9A253B0F4D2}.Debug|Any CPU.Build.0 = Debug|Any CPU
		{15D16AD9-B3A8-4F20-B71A-D9A253B0F4D2}.Debug|x64.ActiveCfg = Debug|x64
		{15D16AD9-B3A8-4F20-B71A-D9A253B0F4D2}.Debug|x64.Build.0 = Debug|x64
		{15D16AD9-B3A8-4F20-B71A-D9A253B0F4D2}.Release|Any CPU.ActiveCfg = Release|Any CPU
		{15D16AD9-B3A8-4F20-B71A-D9A253B0F4D2}.Release|Any CPU.Build.0 = Release|Any CPU
		{15D16AD9-B3A8-4F20-B71A-D9A253B0F4D2}.Release|x64.ActiveCfg = Release|x64
		{15D16AD9-B3A8-4F20-B71A-D9A253B0F4D2}.Release|x64.Build.0 = Release|x64
	EndGlobalSection
	GlobalSection(SolutionProperties) = preSolution
		HideSolutionNode = FALSE
	EndGlobalSection
	GlobalSection(ExtensibilityGlobals) = postSolution
		SolutionGuid = {9B36B264-67A5-45D5-884D-CE49544CD484}
	EndGlobalSection
EndGlobal
