
Microsoft Visual Studio Solution File, Format Version 12.00
# Visual Studio Version 17
VisualStudioVersion = 17.5.33502.453
MinimumVisualStudioVersion = 10.0.40219.1
Project("{9A19103F-16F7-4668-BE54-9A1E7A4F7556}") = "CBIMS.SPN", "CBIMS.SPN\CBIMS.SPN.csproj", "{EF9471F3-4026-4708-96E2-E9039480B909}"
EndProject
Project("{9A19103F-16F7-4668-BE54-9A1E7A4F7556}") = "Run", "Run\Run.csproj", "{63F9E1DB-9870-4F34-8CA5-9AED09052DC7}"
EndProject
Project("{2150E333-8FDC-42A3-9474-1A3956D46DE8}") = "LDP", "LDP", "{0FF7AB38-B314-4251-8047-F926194E6478}"
EndProject
Project("{9A19103F-16F7-4668-BE54-9A1E7A4F7556}") = "CBIMS.LDP.IFC.XbimLoader", "..\CBIMS.LDP\CBIMS.LDP.IFC.XbimLoader\CBIMS.LDP.IFC.XbimLoader.csproj", "{A3F018BA-26C9-480B-9B5D-0E2698F05F04}"
EndProject
Project("{9A19103F-16F7-4668-BE54-9A1E7A4F7556}") = "CBIMS.LDP.Repo", "..\CBIMS.LDP\CBIMS.LDP.Repo\CBIMS.LDP.Repo.csproj", "{610B0D0C-4105-48C4-B172-4221CE8A27F2}"
EndProject
Project("{2150E333-8FDC-42A3-9474-1A3956D46DE8}") = "SolutionFiles", "SolutionFiles", "{E72AB652-C774-453B-B2E6-3233E475F7C7}"
	ProjectSection(SolutionItems) = preProject
		Directory.Build.props = Directory.Build.props
		README.md = README.md
	EndProjectSection
EndProject
Global
	GlobalSection(SolutionConfigurationPlatforms) = preSolution
		Debug|Any CPU = Debug|Any CPU
		Debug|x64 = Debug|x64
		Release|Any CPU = Release|Any CPU
		Release|x64 = Release|x64
	EndGlobalSection
	GlobalSection(ProjectConfigurationPlatforms) = postSolution
		{EF9471F3-4026-4708-96E2-E9039480B909}.Debug|Any CPU.ActiveCfg = Debug|Any CPU
		{EF9471F3-4026-4708-96E2-E9039480B909}.Debug|Any CPU.Build.0 = Debug|Any CPU
		{EF9471F3-4026-4708-96E2-E9039480B909}.Debug|x64.ActiveCfg = Debug|Any CPU
		{EF9471F3-4026-4708-96E2-E9039480B909}.Debug|x64.Build.0 = Debug|Any CPU
		{EF9471F3-4026-4708-96E2-E9039480B909}.Release|Any CPU.ActiveCfg = Release|Any CPU
		{EF9471F3-4026-4708-96E2-E9039480B909}.Release|Any CPU.Build.0 = Release|Any CPU
		{EF9471F3-4026-4708-96E2-E9039480B909}.Release|x64.ActiveCfg = Release|Any CPU
		{EF9471F3-4026-4708-96E2-E9039480B909}.Release|x64.Build.0 = Release|Any CPU
		{63F9E1DB-9870-4F34-8CA5-9AED09052DC7}.Debug|Any CPU.ActiveCfg = Debug|Any CPU
		{63F9E1DB-9870-4F34-8CA5-9AED09052DC7}.Debug|Any CPU.Build.0 = Debug|Any CPU
		{63F9E1DB-9870-4F34-8CA5-9AED09052DC7}.Debug|x64.ActiveCfg = Debug|Any CPU
		{63F9E1DB-9870-4F34-8CA5-9AED09052DC7}.Debug|x64.Build.0 = Debug|Any CPU
		{63F9E1DB-9870-4F34-8CA5-9AED09052DC7}.Release|Any CPU.ActiveCfg = Release|Any CPU
		{63F9E1DB-9870-4F34-8CA5-9AED09052DC7}.Release|Any CPU.Build.0 = Release|Any CPU
		{63F9E1DB-9870-4F34-8CA5-9AED09052DC7}.Release|x64.ActiveCfg = Release|Any CPU
		{63F9E1DB-9870-4F34-8CA5-9AED09052DC7}.Release|x64.Build.0 = Release|Any CPU
		{A3F018BA-26C9-480B-9B5D-0E2698F05F04}.Debug|Any CPU.ActiveCfg = Debug|Any CPU
		{A3F018BA-26C9-480B-9B5D-0E2698F05F04}.Debug|Any CPU.Build.0 = Debug|Any CPU
		{A3F018BA-26C9-480B-9B5D-0E2698F05F04}.Debug|x64.ActiveCfg = Debug|x64
		{A3F018BA-26C9-480B-9B5D-0E2698F05F04}.Debug|x64.Build.0 = Debug|x64
		{A3F018BA-26C9-480B-9B5D-0E2698F05F04}.Release|Any CPU.ActiveCfg = Release|Any CPU
		{A3F018BA-26C9-480B-9B5D-0E2698F05F04}.Release|Any CPU.Build.0 = Release|Any CPU
		{A3F018BA-26C9-480B-9B5D-0E2698F05F04}.Release|x64.ActiveCfg = Release|x64
		{A3F018BA-26C9-480B-9B5D-0E2698F05F04}.Release|x64.Build.0 = Release|x64
		{610B0D0C-4105-48C4-B172-4221CE8A27F2}.Debug|Any CPU.ActiveCfg = Debug|Any CPU
		{610B0D0C-4105-48C4-B172-4221CE8A27F2}.Debug|Any CPU.Build.0 = Debug|Any CPU
		{610B0D0C-4105-48C4-B172-4221CE8A27F2}.Debug|x64.ActiveCfg = Debug|Any CPU
		{610B0D0C-4105-48C4-B172-4221CE8A27F2}.Debug|x64.Build.0 = Debug|Any CPU
		{610B0D0C-4105-48C4-B172-4221CE8A27F2}.Release|Any CPU.ActiveCfg = Release|Any CPU
		{610B0D0C-4105-48C4-B172-4221CE8A27F2}.Release|Any CPU.Build.0 = Release|Any CPU
		{610B0D0C-4105-48C4-B172-4221CE8A27F2}.Release|x64.ActiveCfg = Release|Any CPU
		{610B0D0C-4105-48C4-B172-4221CE8A27F2}.Release|x64.Build.0 = Release|Any CPU
	EndGlobalSection
	GlobalSection(SolutionProperties) = preSolution
		HideSolutionNode = FALSE
	EndGlobalSection
	GlobalSection(NestedProjects) = preSolution
		{A3F018BA-26C9-480B-9B5D-0E2698F05F04} = {0FF7AB38-B314-4251-8047-F926194E6478}
		{610B0D0C-4105-48C4-B172-4221CE8A27F2} = {0FF7AB38-B314-4251-8047-F926194E6478}
	EndGlobalSection
	GlobalSection(ExtensibilityGlobals) = postSolution
		SolutionGuid = {9B36B264-67A5-45D5-884D-CE49544CD484}
	EndGlobalSection
EndGlobal
